{
    "_readme": [
        "This file locks the dependencies of your project to a known state",
        "Read more about it at https://getcomposer.org/doc/01-basic-usage.md#installing-dependencies",
        "This file is @generated automatically"
    ],
    "content-hash": "3e1ce457eeff3ad5a02bc69bbba3d4d0",
    "packages": [
        {
            "name": "cache/adapter-common",
            "version": "1.2.0",
            "source": {
                "type": "git",
                "url": "https://github.com/php-cache/adapter-common.git",
                "reference": "6b87c5cbdf03be42437b595dbe5de8e97cd1d497"
            },
            "dist": {
                "type": "zip",
                "url": "https://api.github.com/repos/php-cache/adapter-common/zipball/6b87c5cbdf03be42437b595dbe5de8e97cd1d497",
                "reference": "6b87c5cbdf03be42437b595dbe5de8e97cd1d497",
                "shasum": ""
            },
            "require": {
                "cache/tag-interop": "^1.0",
                "php": "^5.6 || ^7.0 || ^8.0",
                "psr/cache": "^1.0",
                "psr/log": "^1.0",
                "psr/simple-cache": "^1.0"
            },
            "require-dev": {
                "cache/integration-tests": "^0.16",
                "phpunit/phpunit": "^5.7.21"
            },
            "type": "library",
            "extra": {
                "branch-alias": {
                    "dev-master": "1.1-dev"
                }
            },
            "autoload": {
                "psr-4": {
                    "Cache\\Adapter\\Common\\": ""
                }
            },
            "notification-url": "https://packagist.org/downloads/",
            "license": [
                "MIT"
            ],
            "authors": [
                {
                    "name": "Aaron Scherer",
                    "email": "aequasi@gmail.com",
                    "homepage": "https://github.com/aequasi"
                },
                {
                    "name": "Tobias Nyholm",
                    "email": "tobias.nyholm@gmail.com",
                    "homepage": "https://github.com/nyholm"
                }
            ],
            "description": "Common classes for PSR-6 adapters",
            "homepage": "http://www.php-cache.com/en/latest/",
            "keywords": [
                "cache",
                "psr-6",
                "tag"
            ],
            "support": {
                "source": "https://github.com/php-cache/adapter-common/tree/1.2.0"
            },
            "time": "2020-12-14T12:17:39+00:00"
        },
        {
            "name": "cache/array-adapter",
            "version": "1.1.0",
            "source": {
                "type": "git",
                "url": "https://github.com/php-cache/array-adapter.git",
                "reference": "71e72a51b76ed2668642a35690a7df7178f00670"
            },
            "dist": {
                "type": "zip",
                "url": "https://api.github.com/repos/php-cache/array-adapter/zipball/71e72a51b76ed2668642a35690a7df7178f00670",
                "reference": "71e72a51b76ed2668642a35690a7df7178f00670",
                "shasum": ""
            },
            "require": {
                "cache/adapter-common": "^1.0",
                "cache/hierarchical-cache": "^1.0",
                "php": "^5.6 || ^7.0 || ^8.0",
                "psr/cache": "^1.0",
                "psr/simple-cache": "^1.0"
            },
            "provide": {
                "psr/cache-implementation": "^1.0",
                "psr/simple-cache-implementation": "^1.0"
            },
            "require-dev": {
                "cache/integration-tests": "^0.16",
                "phpunit/phpunit": "^5.7.21"
            },
            "type": "library",
            "extra": {
                "branch-alias": {
                    "dev-master": "1.1-dev"
                }
            },
            "autoload": {
                "psr-4": {
                    "Cache\\Adapter\\PHPArray\\": ""
                },
                "exclude-from-classmap": [
                    "/Tests/"
                ]
            },
            "notification-url": "https://packagist.org/downloads/",
            "license": [
                "MIT"
            ],
            "authors": [
                {
                    "name": "Aaron Scherer",
                    "email": "aequasi@gmail.com",
                    "homepage": "https://github.com/aequasi"
                },
                {
                    "name": "Tobias Nyholm",
                    "email": "tobias.nyholm@gmail.com",
                    "homepage": "https://github.com/nyholm"
                }
            ],
            "description": "A PSR-6 cache implementation using a php array. This implementation supports tags",
            "homepage": "http://www.php-cache.com/en/latest/",
            "keywords": [
                "array",
                "cache",
                "psr-6",
                "tag"
            ],
            "support": {
                "source": "https://github.com/php-cache/array-adapter/tree/1.1.0"
            },
            "time": "2020-12-14T12:17:39+00:00"
        },
        {
            "name": "cache/hierarchical-cache",
            "version": "1.1.0",
            "source": {
                "type": "git",
                "url": "https://github.com/php-cache/hierarchical-cache.git",
                "reference": "ba3746c65461b17154fb855068403670fd7fa2d3"
            },
            "dist": {
                "type": "zip",
                "url": "https://api.github.com/repos/php-cache/hierarchical-cache/zipball/ba3746c65461b17154fb855068403670fd7fa2d3",
                "reference": "ba3746c65461b17154fb855068403670fd7fa2d3",
                "shasum": ""
            },
            "require": {
                "cache/adapter-common": "^1.0",
                "php": "^5.6 || ^7.0 || ^8.0",
                "psr/cache": "^1.0"
            },
            "require-dev": {
                "phpunit/phpunit": "^5.7.21"
            },
            "type": "library",
            "extra": {
                "branch-alias": {
                    "dev-master": "1.1-dev"
                }
            },
            "autoload": {
                "psr-4": {
                    "Cache\\Hierarchy\\": ""
                },
                "exclude-from-classmap": [
                    "/Tests/"
                ]
            },
            "notification-url": "https://packagist.org/downloads/",
            "license": [
                "MIT"
            ],
            "authors": [
                {
                    "name": "Aaron Scherer",
                    "email": "aequasi@gmail.com",
                    "homepage": "https://github.com/aequasi"
                },
                {
                    "name": "Tobias Nyholm",
                    "email": "tobias.nyholm@gmail.com",
                    "homepage": "https://github.com/nyholm"
                }
            ],
            "description": "A helper trait and interface to your PSR-6 cache to support hierarchical keys.",
            "homepage": "http://www.php-cache.com/en/latest/",
            "keywords": [
                "cache",
                "hierarchical",
                "hierarchy",
                "psr-6"
            ],
            "support": {
                "source": "https://github.com/php-cache/hierarchical-cache/tree/1.1.0"
            },
            "time": "2020-12-14T12:17:39+00:00"
        },
        {
            "name": "cache/tag-interop",
            "version": "1.0.1",
            "source": {
                "type": "git",
                "url": "https://github.com/php-cache/tag-interop.git",
                "reference": "909a5df87e698f1665724a9e84851c11c45fbfb9"
            },
            "dist": {
                "type": "zip",
                "url": "https://api.github.com/repos/php-cache/tag-interop/zipball/909a5df87e698f1665724a9e84851c11c45fbfb9",
                "reference": "909a5df87e698f1665724a9e84851c11c45fbfb9",
                "shasum": ""
            },
            "require": {
                "php": "^5.5 || ^7.0 || ^8.0",
                "psr/cache": "^1.0"
            },
            "type": "library",
            "extra": {
                "branch-alias": {
                    "dev-master": "1.1-dev"
                }
            },
            "autoload": {
                "psr-4": {
                    "Cache\\TagInterop\\": ""
                }
            },
            "notification-url": "https://packagist.org/downloads/",
            "license": [
                "MIT"
            ],
            "authors": [
                {
                    "name": "Tobias Nyholm",
                    "email": "tobias.nyholm@gmail.com",
                    "homepage": "https://github.com/nyholm"
                },
                {
                    "name": "Nicolas Grekas",
                    "email": "p@tchwork.com",
                    "homepage": "https://github.com/nicolas-grekas"
                }
            ],
            "description": "Framework interoperable interfaces for tags",
            "homepage": "https://www.php-cache.com/en/latest/",
            "keywords": [
                "cache",
                "psr",
                "psr6",
                "tag"
            ],
            "support": {
                "issues": "https://github.com/php-cache/tag-interop/issues",
                "source": "https://github.com/php-cache/tag-interop/tree/1.0.1"
            },
            "time": "2020-12-04T14:11:04+00:00"
        },
        {
            "name": "php-curl-class/php-curl-class",
            "version": "9.4.0",
            "source": {
                "type": "git",
                "url": "https://github.com/php-curl-class/php-curl-class.git",
                "reference": "e6de01c8c3755d2b015195d671d22a3c71020d15"
            },
            "dist": {
                "type": "zip",
                "url": "https://api.github.com/repos/php-curl-class/php-curl-class/zipball/e6de01c8c3755d2b015195d671d22a3c71020d15",
                "reference": "e6de01c8c3755d2b015195d671d22a3c71020d15",
                "shasum": ""
            },
            "require": {
                "ext-curl": "*",
                "php": ">=7.0"
            },
            "require-dev": {
                "ext-gd": "*",
                "phpunit/phpunit": "*",
                "squizlabs/php_codesniffer": "*"
            },
            "suggest": {
                "ext-mbstring": "*"
            },
            "type": "library",
            "autoload": {
                "psr-4": {
                    "Curl\\": "src/Curl/"
                }
            },
            "notification-url": "https://packagist.org/downloads/",
            "license": [
                "Unlicense"
            ],
            "authors": [
                {
                    "name": "Zach Borboa"
                }
            ],
            "description": "PHP Curl Class makes it easy to send HTTP requests and integrate with web APIs.",
            "homepage": "https://github.com/php-curl-class/php-curl-class",
            "keywords": [
                "API-Client",
                "api",
                "class",
                "client",
                "curl",
                "framework",
                "http",
                "http-client",
                "http-proxy",
                "json",
                "php",
                "php-curl",
                "php-curl-library",
                "proxy",
                "requests",
                "restful",
                "web-scraper",
                "web-scraping ",
                "web-service",
                "xml"
            ],
            "support": {
                "issues": "https://github.com/php-curl-class/php-curl-class/issues",
                "source": "https://github.com/php-curl-class/php-curl-class/tree/9.4.0"
            },
            "time": "2021-09-04T18:28:24+00:00"
        },
        {
            "name": "psr/cache",
            "version": "1.0.1",
            "source": {
                "type": "git",
                "url": "https://github.com/php-fig/cache.git",
                "reference": "d11b50ad223250cf17b86e38383413f5a6764bf8"
            },
            "dist": {
                "type": "zip",
                "url": "https://api.github.com/repos/php-fig/cache/zipball/d11b50ad223250cf17b86e38383413f5a6764bf8",
                "reference": "d11b50ad223250cf17b86e38383413f5a6764bf8",
                "shasum": ""
            },
            "require": {
                "php": ">=5.3.0"
            },
            "type": "library",
            "extra": {
                "branch-alias": {
                    "dev-master": "1.0.x-dev"
                }
            },
            "autoload": {
                "psr-4": {
                    "Psr\\Cache\\": "src/"
                }
            },
            "notification-url": "https://packagist.org/downloads/",
            "license": [
                "MIT"
            ],
            "authors": [
                {
                    "name": "PHP-FIG",
                    "homepage": "http://www.php-fig.org/"
                }
            ],
            "description": "Common interface for caching libraries",
            "keywords": [
                "cache",
                "psr",
                "psr-6"
            ],
            "support": {
                "source": "https://github.com/php-fig/cache/tree/master"
            },
            "time": "2016-08-06T20:24:11+00:00"
        },
        {
            "name": "psr/log",
            "version": "1.1.4",
            "source": {
                "type": "git",
                "url": "https://github.com/php-fig/log.git",
                "reference": "d49695b909c3b7628b6289db5479a1c204601f11"
            },
            "dist": {
                "type": "zip",
                "url": "https://api.github.com/repos/php-fig/log/zipball/d49695b909c3b7628b6289db5479a1c204601f11",
                "reference": "d49695b909c3b7628b6289db5479a1c204601f11",
                "shasum": ""
            },
            "require": {
                "php": ">=5.3.0"
            },
            "type": "library",
            "extra": {
                "branch-alias": {
                    "dev-master": "1.1.x-dev"
                }
            },
            "autoload": {
                "psr-4": {
                    "Psr\\Log\\": "Psr/Log/"
                }
            },
            "notification-url": "https://packagist.org/downloads/",
            "license": [
                "MIT"
            ],
            "authors": [
                {
                    "name": "PHP-FIG",
                    "homepage": "https://www.php-fig.org/"
                }
            ],
            "description": "Common interface for logging libraries",
            "homepage": "https://github.com/php-fig/log",
            "keywords": [
                "log",
                "psr",
                "psr-3"
            ],
            "support": {
                "source": "https://github.com/php-fig/log/tree/1.1.4"
            },
            "time": "2021-05-03T11:20:27+00:00"
        },
        {
            "name": "psr/simple-cache",
            "version": "1.0.1",
            "source": {
                "type": "git",
                "url": "https://github.com/php-fig/simple-cache.git",
                "reference": "408d5eafb83c57f6365a3ca330ff23aa4a5fa39b"
            },
            "dist": {
                "type": "zip",
                "url": "https://api.github.com/repos/php-fig/simple-cache/zipball/408d5eafb83c57f6365a3ca330ff23aa4a5fa39b",
                "reference": "408d5eafb83c57f6365a3ca330ff23aa4a5fa39b",
                "shasum": ""
            },
            "require": {
                "php": ">=5.3.0"
            },
            "type": "library",
            "extra": {
                "branch-alias": {
                    "dev-master": "1.0.x-dev"
                }
            },
            "autoload": {
                "psr-4": {
                    "Psr\\SimpleCache\\": "src/"
                }
            },
            "notification-url": "https://packagist.org/downloads/",
            "license": [
                "MIT"
            ],
            "authors": [
                {
                    "name": "PHP-FIG",
                    "homepage": "http://www.php-fig.org/"
                }
            ],
            "description": "Common interfaces for simple caching",
            "keywords": [
                "cache",
                "caching",
                "psr",
                "psr-16",
                "simple-cache"
            ],
            "support": {
                "source": "https://github.com/php-fig/simple-cache/tree/master"
            },
            "time": "2017-10-23T01:57:42+00:00"
        }
    ],
    "packages-dev": [],
    "aliases": [],
    "minimum-stability": "stable",
    "stability-flags": [],
    "prefer-stable": false,
    "prefer-lowest": false,
    "platform": {
        "ext-json": "*"
    },
    "platform-dev": [],
    "plugin-api-version": "2.0.0"
}
